
Microsoft Visual Studio Solution File, Format Version 12.00
# Visual Studio 15
VisualStudioVersion = 15.0.28010.2026
MinimumVisualStudioVersion = 10.0.40219.1
Project("{FAE04EC0-301F-11D3-BF4B-00C04F79EFBC}") = "void_Meth", "void_Meth\void_Meth.csproj", "{396E606E-5A79-41BF-BA06-4D6135472BD5}"
EndProject
Global
	GlobalSection(SolutionConfigurationPlatforms) = preSolution
		Debug|Any CPU = Debug|Any CPU
		Release|Any CPU = Release|Any CPU
	EndGlobalSection
	GlobalSection(ProjectConfigurationPlatforms) = postSolution
		{396E606E-5A79-41BF-BA06-4D6135472BD5}.Debug|Any CPU.ActiveCfg = Debug|Any CPU
		{396E606E-5A79-41BF-BA06-4D6135472BD5}.Debug|Any CPU.Build.0 = Debug|Any CPU
		{396E606E-5A79-41BF-BA06-4D6135472BD5}.Release|Any CPU.ActiveCfg = Release|Any CPU
		{396E606E-5A79-41BF-BA06-4D6135472BD5}.Release|Any CPU.Build.0 = Release|Any CPU
	EndGlobalSection
	GlobalSection(SolutionProperties) = preSolution
		HideSolutionNode = FALSE
	EndGlobalSection
	GlobalSection(ExtensibilityGlobals) = postSolution
		SolutionGuid = {EF15B857-E65C-473D-80EB-6333CE929D62}
	EndGlobalSection
EndGlobal
